// !$*UTF8*$!
{
	archiveVersion = 1;
	classes = {
	};
	objectVersion = 55;
	objects = {

/* Begin PBXBuildFile section */
		16E27B1727E024040026FE41 /* AppDelegate.swift in Sources */ = {isa = PBXBuildFile; fileRef = 16E27B1627E024040026FE41 /* AppDelegate.swift */; };
		16E27B1927E024040026FE41 /* SceneDelegate.swift in Sources */ = {isa = PBXBuildFile; fileRef = 16E27B1827E024040026FE41 /* SceneDelegate.swift */; };
		16E27B1B27E024040026FE41 /* ViewController.swift in Sources */ = {isa = PBXBuildFile; fileRef = 16E27B1A27E024040026FE41 /* ViewController.swift */; };
		16E27B1E27E024040026FE41 /* Main.storyboard in Resources */ = {isa = PBXBuildFile; fileRef = 16E27B1C27E024040026FE41 /* Main.storyboard */; };
		16E27B2027E024060026FE41 /* Assets.xcassets in Resources */ = {isa = PBXBuildFile; fileRef = 16E27B1F27E024060026FE41 /* Assets.xcassets */; };
		16E27B2327E024060026FE41 /* LaunchScreen.storyboard in Resources */ = {isa = PBXBuildFile; fileRef = 16E27B2127E024060026FE41 /* LaunchScreen.storyboard */; };
		16E27B2E27E024060026FE41 /* basicAnimationTests.swift in Sources */ = {isa = PBXBuildFile; fileRef = 16E27B2D27E024060026FE41 /* basicAnimationTests.swift */; };
		16E27B3827E024060026FE41 /* basicAnimationUITests.swift in Sources */ = {isa = PBXBuildFile; fileRef = 16E27B3727E024060026FE41 /* basicAnimationUITests.swift */; };
		16E27B3A27E024060026FE41 /* basicAnimationUITestsLaunchTests.swift in Sources */ = {isa = PBXBuildFile; fileRef = 16E27B3927E024060026FE41 /* basicAnimationUITestsLaunchTests.swift */; };
/* End PBXBuildFile section */

/* Begin PBXContainerItemProxy section */
		16E27B2A27E024060026FE41 /* PBXContainerItemProxy */ = {
			isa = PBXContainerItemProxy;
			containerPortal = 16E27B0B27E024040026FE41 /* Project object */;
			proxyType = 1;
			remoteGlobalIDString = 16E27B1227E024040026FE41;
			remoteInfo = basicAnimation;
		};
		16E27B3427E024060026FE41 /* PBXContainerItemProxy */ = {
			isa = PBXContainerItemProxy;
			containerPortal = 16E27B0B27E024040026FE41 /* Project object */;
			proxyType = 1;
			remoteGlobalIDString = 16E27B1227E024040026FE41;
			remoteInfo = basicAnimation;
		};
/* End PBXContainerItemProxy section */

/* Begin PBXFileReference section */
		16E27B1327E024040026FE41 /* basicAnimation.app */ = {isa = PBXFileReference; explicitFileType = wrapper.application; includeInIndex = 0; path = basicAnimation.app; sourceTree = BUILT_PRODUCTS_DIR; };
		16E27B1627E024040026FE41 /* AppDelegate.swift */ = {isa = PBXFileReference; lastKnownFileType = sourcecode.swift; path = AppDelegate.swift; sourceTree = "<group>"; };
		16E27B1827E024040026FE41 /* SceneDelegate.swift */ = {isa = PBXFileReference; lastKnownFileType = sourcecode.swift; path = SceneDelegate.swift; sourceTree = "<group>"; };
		16E27B1A27E024040026FE41 /* ViewController.swift */ = {isa = PBXFileReference; lastKnownFileType = sourcecode.swift; path = ViewController.swift; sourceTree = "<group>"; };
		16E27B1D27E024040026FE41 /* Base */ = {isa = PBXFileReference; lastKnownFileType = file.storyboard; name = Base; path = Base.lproj/Main.storyboard; sourceTree = "<group>"; };
		16E27B1F27E024060026FE41 /* Assets.xcassets */ = {isa = PBXFileReference; lastKnownFileType = folder.assetcatalog; path = Assets.xcassets; sourceTree = "<group>"; };
		16E27B2227E024060026FE41 /* Base */ = {isa = PBXFileReference; lastKnownFileType = file.storyboard; name = Base; path = Base.lproj/LaunchScreen.storyboard; sourceTree = "<group>"; };
		16E27B2427E024060026FE41 /* Info.plist */ = {isa = PBXFileReference; lastKnownFileType = text.plist.xml; path = Info.plist; sourceTree = "<group>"; };
		16E27B2927E024060026FE41 /* basicAnimationTests.xctest */ = {isa = PBXFileReference; explicitFileType = wrapper.cfbundle; includeInIndex = 0; path = basicAnimationTests.xctest; sourceTree = BUILT_PRODUCTS_DIR; };
		16E27B2D27E024060026FE41 /* basicAnimationTests.swift */ = {isa = PBXFileReference; lastKnownFileType = sourcecode.swift; path = basicAnimationTests.swift; sourceTree = "<group>"; };
		16E27B3327E024060026FE41 /* basicAnimationUITests.xctest */ = {isa = PBXFileReference; explicitFileType = wrapper.cfbundle; includeInIndex = 0; path = basicAnimationUITests.xctest; sourceTree = BUILT_PRODUCTS_DIR; };
		16E27B3727E024060026FE41 /* basicAnimationUITests.swift */ = {isa = PBXFileReference; lastKnownFileType = sourcecode.swift; path = basicAnimationUITests.swift; sourceTree = "<group>"; };
		16E27B3927E024060026FE41 /* basicAnimationUITestsLaunchTests.swift */ = {isa = PBXFileReference; lastKnownFileType = sourcecode.swift; path = basicAnimationUITestsLaunchTests.swift; sourceTree = "<group>"; };
/* End PBXFileReference section */

/* Begin PBXFrameworksBuildPhase section */
		16E27B1027E024040026FE41 /* Frameworks */ = {
			isa = PBXFrameworksBuildPhase;
			buildActionMask = 2147483647;
			files = (
			);
			runOnlyForDeploymentPostprocessing = 0;
		};
		16E27B2627E024060026FE41 /* Frameworks */ = {
			isa = PBXFrameworksBuildPhase;
			buildActionMask = 2147483647;
			files = (
			);
			runOnlyForDeploymentPostprocessing = 0;
		};
		16E27B3027E024060026FE41 /* Frameworks */ = {
			isa = PBXFrameworksBuildPhase;
			buildActionMask = 2147483647;
			files = (
			);
			runOnlyForDeploymentPostprocessing = 0;
		};
/* End PBXFrameworksBuildPhase section */

/* Begin PBXGroup section */
		16E27B0A27E024040026FE41 = {
			isa = PBXGroup;
			children = (
				16E27B1527E024040026FE41 /* basicAnimation */,
				16E27B2C27E024060026FE41 /* basicAnimationTests */,
				16E27B3627E024060026FE41 /* basicAnimationUITests */,
				16E27B1427E024040026FE41 /* Products */,
			);
			sourceTree = "<group>";
		};
		16E27B1427E024040026FE41 /* Products */ = {
			isa = PBXGroup;
			children = (
				16E27B1327E024040026FE41 /* basicAnimation.app */,
				16E27B2927E024060026FE41 /* basicAnimationTests.xctest */,
				16E27B3327E024060026FE41 /* basicAnimationUITests.xctest */,
			);
			name = Products;
			sourceTree = "<group>";
		};
		16E27B1527E024040026FE41 /* basicAnimation */ = {
			isa = PBXGroup;
			children = (
				16E27B1627E024040026FE41 /* AppDelegate.swift */,
				16E27B1827E024040026FE41 /* SceneDelegate.swift */,
				16E27B1A27E024040026FE41 /* ViewController.swift */,
				16E27B1C27E024040026FE41 /* Main.storyboard */,
				16E27B1F27E024060026FE41 /* Assets.xcassets */,
				16E27B2127E024060026FE41 /* LaunchScreen.storyboard */,
				16E27B2427E024060026FE41 /* Info.plist */,
			);
			path = basicAnimation;
			sourceTree = "<group>";
		};
		16E27B2C27E024060026FE41 /* basicAnimationTests */ = {
			isa = PBXGroup;
			children = (
				16E27B2D27E024060026FE41 /* basicAnimationTests.swift */,
			);
			path = basicAnimationTests;
			sourceTree = "<group>";
		};
		16E27B3627E024060026FE41 /* basicAnimationUITests */ = {
			isa = PBXGroup;
			children = (
				16E27B3727E024060026FE41 /* basicAnimationUITests.swift */,
				16E27B3927E024060026FE41 /* basicAnimationUITestsLaunchTests.swift */,
			);
			path = basicAnimationUITests;
			sourceTree = "<group>";
		};
/* End PBXGroup section */

/* Begin PBXNativeTarget section */
		16E27B1227E024040026FE41 /* basicAnimation */ = {
			isa = PBXNativeTarget;
			buildConfigurationList = 16E27B3D27E024060026FE41 /* Build configuration list for PBXNativeTarget "basicAnimation" */;
			buildPhases = (
				16E27B0F27E024040026FE41 /* Sources */,
				16E27B1027E024040026FE41 /* Frameworks */,
				16E27B1127E024040026FE41 /* Resources */,
			);
			buildRules = (
			);
			dependencies = (
			);
			name = basicAnimation;
			productName = basicAnimation;
			productReference = 16E27B1327E024040026FE41 /* basicAnimation.app */;
			productType = "com.apple.product-type.application";
		};
		16E27B2827E024060026FE41 /* basicAnimationTests */ = {
			isa = PBXNativeTarget;
			buildConfigurationList = 16E27B4027E024060026FE41 /* Build configuration list for PBXNativeTarget "basicAnimationTests" */;
			buildPhases = (
				16E27B2527E024060026FE41 /* Sources */,
				16E27B2627E024060026FE41 /* Frameworks */,
				16E27B2727E024060026FE41 /* Resources */,
			);
			buildRules = (
			);
			dependencies = (
				16E27B2B27E024060026FE41 /* PBXTargetDependency */,
			);
			name = basicAnimationTests;
			productName = basicAnimationTests;
			productReference = 16E27B2927E024060026FE41 /* basicAnimationTests.xctest */;
			productType = "com.apple.product-type.bundle.unit-test";
		};
		16E27B3227E024060026FE41 /* basicAnimationUITests */ = {
			isa = PBXNativeTarget;
			buildConfigurationList = 16E27B4327E024060026FE41 /* Build configuration list for PBXNativeTarget "basicAnimationUITests" */;
			buildPhases = (
				16E27B2F27E024060026FE41 /* Sources */,
				16E27B3027E024060026FE41 /* Frameworks */,
				16E27B3127E024060026FE41 /* Resources */,
			);
			buildRules = (
			);
			dependencies = (
				16E27B3527E024060026FE41 /* PBXTargetDependency */,
			);
			name = basicAnimationUITests;
			productName = basicAnimationUITests;
			productReference = 16E27B3327E024060026FE41 /* basicAnimationUITests.xctest */;
			productType = "com.apple.product-type.bundle.ui-testing";
		};
/* End PBXNativeTarget section */

/* Begin PBXProject section */
		16E27B0B27E024040026FE41 /* Project object */ = {
			isa = PBXProject;
			attributes = {
				BuildIndependentTargetsInParallel = 1;
				LastSwiftUpdateCheck = 1320;
				LastUpgradeCheck = 1320;
				TargetAttributes = {
					16E27B1227E024040026FE41 = {
						CreatedOnToolsVersion = 13.2.1;
					};
					16E27B2827E024060026FE41 = {
						CreatedOnToolsVersion = 13.2.1;
						TestTargetID = 16E27B1227E024040026FE41;
					};
					16E27B3227E024060026FE41 = {
						CreatedOnToolsVersion = 13.2.1;
						TestTargetID = 16E27B1227E024040026FE41;
					};
				};
			};
			buildConfigurationList = 16E27B0E27E024040026FE41 /* Build configuration list for PBXProject "basicAnimation" */;
			compatibilityVersion = "Xcode 13.0";
			developmentRegion = en;
			hasScannedForEncodings = 0;
			knownRegions = (
				en,
				Base,
			);
			mainGroup = 16E27B0A27E024040026FE41;
			productRefGroup = 16E27B1427E024040026FE41 /* Products */;
			projectDirPath = "";
			projectRoot = "";
			targets = (
				16E27B1227E024040026FE41 /* basicAnimation */,
				16E27B2827E024060026FE41 /* basicAnimationTests */,
				16E27B3227E024060026FE41 /* basicAnimationUITests */,
			);
		};
/* End PBXProject section */

/* Begin PBXResourcesBuildPhase section */
		16E27B1127E024040026FE41 /* Resources */ = {
			isa = PBXResourcesBuildPhase;
			buildActionMask = 2147483647;
			files = (
				16E27B2327E024060026FE41 /* LaunchScreen.storyboard in Resources */,
				16E27B2027E024060026FE41 /* Assets.xcassets in Resources */,
				16E27B1E27E024040026FE41 /* Main.storyboard in Resources */,
			);
			runOnlyForDeploymentPostprocessing = 0;
		};
		16E27B2727E024060026FE41 /* Resources */ = {
			isa = PBXResourcesBuildPhase;
			buildActionMask = 2147483647;
			files = (
			);
			runOnlyForDeploymentPostprocessing = 0;
		};
		16E27B3127E024060026FE41 /* Resources */ = {
			isa = PBXResourcesBuildPhase;
			buildActionMask = 2147483647;
			files = (
			);
			runOnlyForDeploymentPostprocessing = 0;
		};
/* End PBXResourcesBuildPhase section */

/* Begin PBXSourcesBuildPhase section */
		16E27B0F27E024040026FE41 /* Sources */ = {
			isa = PBXSourcesBuildPhase;
			buildActionMask = 2147483647;
			files = (
				16E27B1B27E024040026FE41 /* ViewController.swift in Sources */,
				16E27B1727E024040026FE41 /* AppDelegate.swift in Sources */,
				16E27B1927E024040026FE41 /* SceneDelegate.swift in Sources */,
			);
			runOnlyForDeploymentPostprocessing = 0;
		};
		16E27B2527E024060026FE41 /* Sources */ = {
			isa = PBXSourcesBuildPhase;
			buildActionMask = 2147483647;
			files = (
				16E27B2E27E024060026FE41 /* basicAnimationTests.swift in Sources */,
			);
			runOnlyForDeploymentPostprocessing = 0;
		};
		16E27B2F27E024060026FE41 /* Sources */ = {
			isa = PBXSourcesBuildPhase;
			buildActionMask = 2147483647;
			files = (
				16E27B3A27E024060026FE41 /* basicAnimationUITestsLaunchTests.swift in Sources */,
				16E27B3827E024060026FE41 /* basicAnimationUITests.swift in Sources */,
			);
			runOnlyForDeploymentPostprocessing = 0;
		};
/* End PBXSourcesBuildPhase section */

/* Begin PBXTargetDependency section */
		16E27B2B27E024060026FE41 /* PBXTargetDependency */ = {
			isa = PBXTargetDependency;
			target = 16E27B1227E024040026FE41 /* basicAnimation */;
			targetProxy = 16E27B2A27E024060026FE41 /* PBXContainerItemProxy */;
		};
		16E27B3527E024060026FE41 /* PBXTargetDependency */ = {
			isa = PBXTargetDependency;
			target = 16E27B1227E024040026FE41 /* basicAnimation */;
			targetProxy = 16E27B3427E024060026FE41 /* PBXContainerItemProxy */;
		};
/* End PBXTargetDependency section */

/* Begin PBXVariantGroup section */
		16E27B1C27E024040026FE41 /* Main.storyboard */ = {
			isa = PBXVariantGroup;
			children = (
				16E27B1D27E024040026FE41 /* Base */,
			);
			name = Main.storyboard;
			sourceTree = "<group>";
		};
		16E27B2127E024060026FE41 /* LaunchScreen.storyboard */ = {
			isa = PBXVariantGroup;
			children = (
				16E27B2227E024060026FE41 /* Base */,
			);
			name = LaunchScreen.storyboard;
			sourceTree = "<group>";
		};
/* End PBXVariantGroup section */

/* Begin XCBuildConfiguration section */
		16E27B3B27E024060026FE41 /* Debug */ = {
			isa = XCBuildConfiguration;
			buildSettings = {
				ALWAYS_SEARCH_USER_PATHS = NO;
				CLANG_ANALYZER_NONNULL = YES;
				CLANG_ANALYZER_NUMBER_OBJECT_CONVERSION = YES_AGGRESSIVE;
				CLANG_CXX_LANGUAGE_STANDARD = "gnu++17";
				CLANG_CXX_LIBRARY = "libc++";
				CLANG_ENABLE_MODULES = YES;
				CLANG_ENABLE_OBJC_ARC = YES;
				CLANG_ENABLE_OBJC_WEAK = YES;
				CLANG_WARN_BLOCK_CAPTURE_AUTORELEASING = YES;
				CLANG_WARN_BOOL_CONVERSION = YES;
				CLANG_WARN_COMMA = YES;
				CLANG_WARN_CONSTANT_CONVERSION = YES;
				CLANG_WARN_DEPRECATED_OBJC_IMPLEMENTATIONS = YES;
				CLANG_WARN_DIRECT_OBJC_ISA_USAGE = YES_ERROR;
				CLANG_WARN_DOCUMENTATION_COMMENTS = YES;
				CLANG_WARN_EMPTY_BODY = YES;
				CLANG_WARN_ENUM_CONVERSION = YES;
				CLANG_WARN_INFINITE_RECURSION = YES;
				CLANG_WARN_INT_CONVERSION = YES;
				CLANG_WARN_NON_LITERAL_NULL_CONVERSION = YES;
				CLANG_WARN_OBJC_IMPLICIT_RETAIN_SELF = YES;
				CLANG_WARN_OBJC_LITERAL_CONVERSION = YES;
				CLANG_WARN_OBJC_ROOT_CLASS = YES_ERROR;
				CLANG_WARN_QUOTED_INCLUDE_IN_FRAMEWORK_HEADER = YES;
				CLANG_WARN_RANGE_LOOP_ANALYSIS = YES;
				CLANG_WARN_STRICT_PROTOTYPES = YES;
				CLANG_WARN_SUSPICIOUS_MOVE = YES;
				CLANG_WARN_UNGUARDED_AVAILABILITY = YES_AGGRESSIVE;
				CLANG_WARN_UNREACHABLE_CODE = YES;
				CLANG_WARN__DUPLICATE_METHOD_MATCH = YES;
				COPY_PHASE_STRIP = NO;
				DEBUG_INFORMATION_FORMAT = dwarf;
				ENABLE_STRICT_OBJC_MSGSEND = YES;
				ENABLE_TESTABILITY = YES;
				GCC_C_LANGUAGE_STANDARD = gnu11;
				GCC_DYNAMIC_NO_PIC = NO;
				GCC_NO_COMMON_BLOCKS = YES;
				GCC_OPTIMIZATION_LEVEL = 0;
				GCC_PREPROCESSOR_DEFINITIONS = (
					"DEBUG=1",
					"$(inherited)",
				);
				GCC_WARN_64_TO_32_BIT_CONVERSION = YES;
				GCC_WARN_ABOUT_RETURN_TYPE = YES_ERROR;
				GCC_WARN_UNDECLARED_SELECTOR = YES;
				GCC_WARN_UNINITIALIZED_AUTOS = YES_AGGRESSIVE;
				GCC_WARN_UNUSED_FUNCTION = YES;
				GCC_WARN_UNUSED_VARIABLE = YES;
				IPHONEOS_DEPLOYMENT_TARGET = 15.2;
				MTL_ENABLE_DEBUG_INFO = INCLUDE_SOURCE;
				MTL_FAST_MATH = YES;
				ONLY_ACTIVE_ARCH = YES;
				SDKROOT = iphoneos;
				SWIFT_ACTIVE_COMPILATION_CONDITIONS = DEBUG;
				SWIFT_OPTIMIZATION_LEVEL = "-Onone";
			};
			name = Debug;
		};
		16E27B3C27E024060026FE41 /* Release */ = {
			isa = XCBuildConfiguration;
			buildSettings = {
				ALWAYS_SEARCH_USER_PATHS = NO;
				CLANG_ANALYZER_NONNULL = YES;
				CLANG_ANALYZER_NUMBER_OBJECT_CONVERSION = YES_AGGRESSIVE;
				CLANG_CXX_LANGUAGE_STANDARD = "gnu++17";
				CLANG_CXX_LIBRARY = "libc++";
				CLANG_ENABLE_MODULES = YES;
				CLANG_ENABLE_OBJC_ARC = YES;
				CLANG_ENABLE_OBJC_WEAK = YES;
				CLANG_WARN_BLOCK_CAPTURE_AUTORELEASING = YES;
				CLANG_WARN_BOOL_CONVERSION = YES;
				CLANG_WARN_COMMA = YES;
				CLANG_WARN_CONSTANT_CONVERSION = YES;
				CLANG_WARN_DEPRECATED_OBJC_IMPLEMENTATIONS = YES;
				CLANG_WARN_DIRECT_OBJC_ISA_USAGE = YES_ERROR;
				CLANG_WARN_DOCUMENTATION_COMMENTS = YES;
				CLANG_WARN_EMPTY_BODY = YES;
				CLANG_WARN_ENUM_CONVERSION = YES;
				CLANG_WARN_INFINITE_RECURSION = YES;
				CLANG_WARN_INT_CONVERSION = YES;
				CLANG_WARN_NON_LITERAL_NULL_CONVERSION = YES;
				CLANG_WARN_OBJC_IMPLICIT_RETAIN_SELF = YES;
				CLANG_WARN_OBJC_LITERAL_CONVERSION = YES;
				CLANG_WARN_OBJC_ROOT_CLASS = YES_ERROR;
				CLANG_WARN_QUOTED_INCLUDE_IN_FRAMEWORK_HEADER = YES;
				CLANG_WARN_RANGE_LOOP_ANALYSIS = YES;
				CLANG_WARN_STRICT_PROTOTYPES = YES;
				CLANG_WARN_SUSPICIOUS_MOVE = YES;
				CLANG_WARN_UNGUARDED_AVAILABILITY = YES_AGGRESSIVE;
				CLANG_WARN_UNREACHABLE_CODE = YES;
				CLANG_WARN__DUPLICATE_METHOD_MATCH = YES;
				COPY_PHASE_STRIP = NO;
				DEBUG_INFORMATION_FORMAT = "dwarf-with-dsym";
				ENABLE_NS_ASSERTIONS = NO;
				ENABLE_STRICT_OBJC_MSGSEND = YES;
				GCC_C_LANGUAGE_STANDARD = gnu11;
				GCC_NO_COMMON_BLOCKS = YES;
				GCC_WARN_64_TO_32_BIT_CONVERSION = YES;
				GCC_WARN_ABOUT_RETURN_TYPE = YES_ERROR;
				GCC_WARN_UNDECLARED_SELECTOR = YES;
				GCC_WARN_UNINITIALIZED_AUTOS = YES_AGGRESSIVE;
				GCC_WARN_UNUSED_FUNCTION = YES;
				GCC_WARN_UNUSED_VARIABLE = YES;
				IPHONEOS_DEPLOYMENT_TARGET = 15.2;
				MTL_ENABLE_DEBUG_INFO = NO;
				MTL_FAST_MATH = YES;
				SDKROOT = iphoneos;
				SWIFT_COMPILATION_MODE = wholemodule;
				SWIFT_OPTIMIZATION_LEVEL = "-O";
				VALIDATE_PRODUCT = YES;
			};
			name = Release;
		};
		16E27B3E27E024060026FE41 /* Debug */ = {
			isa = XCBuildConfiguration;
			buildSettings = {
				ASSETCATALOG_COMPILER_APPICON_NAME = AppIcon;
				ASSETCATALOG_COMPILER_GLOBAL_ACCENT_COLOR_NAME = AccentColor;
				CODE_SIGN_STYLE = Automatic;
				CURRENT_PROJECT_VERSION = 1;
				GENERATE_INFOPLIST_FILE = YES;
				INFOPLIST_FILE = basicAnimation/Info.plist;
				INFOPLIST_KEY_UIApplicationSupportsIndirectInputEvents = YES;
				INFOPLIST_KEY_UILaunchStoryboardName = LaunchScreen;
				INFOPLIST_KEY_UIMainStoryboardFile = Main;
				INFOPLIST_KEY_UISupportedInterfaceOrientations_iPad = "UIInterfaceOrientationPortrait UIInterfaceOrientationPortraitUpsideDown UIInterfaceOrientationLandscapeLeft UIInterfaceOrientationLandscapeRight";
				INFOPLIST_KEY_UISupportedInterfaceOrientations_iPhone = "UIInterfaceOrientationPortrait UIInterfaceOrientationLandscapeLeft UIInterfaceOrientationLandscapeRight";
				LD_RUNPATH_SEARCH_PATHS = (
					"$(inherited)",
					"@executable_path/Frameworks",
				);
				MARKETING_VERSION = 1.0;
				PRODUCT_BUNDLE_IDENTIFIER = com.Practice.basicAnimation;
				PRODUCT_NAME = "$(TARGET_NAME)";
				SWIFT_EMIT_LOC_STRINGS = YES;
				SWIFT_VERSION = 5.0;
				TARGETED_DEVICE_FAMILY = "1,2";
			};
			name = Debug;
		};
		16E27B3F27E024060026FE41 /* Release */ = {
			isa = XCBuildConfiguration;
			buildSettings = {
				ASSETCATALOG_COMPILER_APPICON_NAME = AppIcon;
				ASSETCATALOG_COMPILER_GLOBAL_ACCENT_COLOR_NAME = AccentColor;
				CODE_SIGN_STYLE = Automatic;
				CURRENT_PROJECT_VERSION = 1;
				GENERATE_INFOPLIST_FILE = YES;
				INFOPLIST_FILE = basicAnimation/Info.plist;
				INFOPLIST_KEY_UIApplicationSupportsIndirectInputEvents = YES;
				INFOPLIST_KEY_UILaunchStoryboardName = LaunchScreen;
				INFOPLIST_KEY_UIMainStoryboardFile = Main;
				INFOPLIST_KEY_UISupportedInterfaceOrientations_iPad = "UIInterfaceOrientationPortrait UIInterfaceOrientationPortraitUpsideDown UIInterfaceOrientationLandscapeLeft UIInterfaceOrientationLandscapeRight";
				INFOPLIST_KEY_UISupportedInterfaceOrientations_iPhone = "UIInterfaceOrientationPortrait UIInterfaceOrientationLandscapeLeft UIInterfaceOrientationLandscapeRight";
				LD_RUNPATH_SEARCH_PATHS = (
					"$(inherited)",
					"@executable_path/Frameworks",
				);
				MARKETING_VERSION = 1.0;
				PRODUCT_BUNDLE_IDENTIFIER = com.Practice.basicAnimation;
				PRODUCT_NAME = "$(TARGET_NAME)";
				SWIFT_EMIT_LOC_STRINGS = YES;
				SWIFT_VERSION = 5.0;
				TARGETED_DEVICE_FAMILY = "1,2";
			};
			name = Release;
		};
		16E27B4127E024060026FE41 /* Debug */ = {
			isa = XCBuildConfiguration;
			buildSettings = {
				ALWAYS_EMBED_SWIFT_STANDARD_LIBRARIES = YES;
				BUNDLE_LOADER = "$(TEST_HOST)";
				CODE_SIGN_STYLE = Automatic;
				CURRENT_PROJECT_VERSION = 1;
				GENERATE_INFOPLIST_FILE = YES;
				IPHONEOS_DEPLOYMENT_TARGET = 15.2;
				MARKETING_VERSION = 1.0;
				PRODUCT_BUNDLE_IDENTIFIER = com.Practice.basicAnimationTests;
				PRODUCT_NAME = "$(TARGET_NAME)";
				SWIFT_EMIT_LOC_STRINGS = NO;
				SWIFT_VERSION = 5.0;
				TARGETED_DEVICE_FAMILY = "1,2";
				TEST_HOST = "$(BUILT_PRODUCTS_DIR)/basicAnimation.app/basicAnimation";
			};
			name = Debug;
		};
		16E27B4227E024060026FE41 /* Release */ = {
			isa = XCBuildConfiguration;
			buildSettings = {
				ALWAYS_EMBED_SWIFT_STANDARD_LIBRARIES = YES;
				BUNDLE_LOADER = "$(TEST_HOST)";
				CODE_SIGN_STYLE = Automatic;
				CURRENT_PROJECT_VERSION = 1;
				GENERATE_INFOPLIST_FILE = YES;
				IPHONEOS_DEPLOYMENT_TARGET = 15.2;
				MARKETING_VERSION = 1.0;
				PRODUCT_BUNDLE_IDENTIFIER = com.Practice.basicAnimationTests;
				PRODUCT_NAME = "$(TARGET_NAME)";
				SWIFT_EMIT_LOC_STRINGS = NO;
				SWIFT_VERSION = 5.0;
				TARGETED_DEVICE_FAMILY = "1,2";
				TEST_HOST = "$(BUILT_PRODUCTS_DIR)/basicAnimation.app/basicAnimation";
			};
			name = Release;
		};
		16E27B4427E024060026FE41 /* Debug */ = {
			isa = XCBuildConfiguration;
			buildSettings = {
				ALWAYS_EMBED_SWIFT_STANDARD_LIBRARIES = YES;
				CODE_SIGN_STYLE = Automatic;
				CURRENT_PROJECT_VERSION = 1;
				GENERATE_INFOPLIST_FILE = YES;
				MARKETING_VERSION = 1.0;
				PRODUCT_BUNDLE_IDENTIFIER = com.Practice.basicAnimationUITests;
				PRODUCT_NAME = "$(TARGET_NAME)";
				SWIFT_EMIT_LOC_STRINGS = NO;
				SWIFT_VERSION = 5.0;
				TARGETED_DEVICE_FAMILY = "1,2";
				TEST_TARGET_NAME = basicAnimation;
			};
			name = Debug;
		};
		16E27B4527E024060026FE41 /* Release */ = {
			isa = XCBuildConfiguration;
			buildSettings = {
				ALWAYS_EMBED_SWIFT_STANDARD_LIBRARIES = YES;
				CODE_SIGN_STYLE = Automatic;
				CURRENT_PROJECT_VERSION = 1;
				GENERATE_INFOPLIST_FILE = YES;
				MARKETING_VERSION = 1.0;
				PRODUCT_BUNDLE_IDENTIFIER = com.Practice.basicAnimationUITests;
				PRODUCT_NAME = "$(TARGET_NAME)";
				SWIFT_EMIT_LOC_STRINGS = NO;
				SWIFT_VERSION = 5.0;
				TARGETED_DEVICE_FAMILY = "1,2";
				TEST_TARGET_NAME = basicAnimation;
			};
			name = Release;
		};
/* End XCBuildConfiguration section */

/* Begin XCConfigurationList section */
		16E27B0E27E024040026FE41 /* Build configuration list for PBXProject "basicAnimation" */ = {
			isa = XCConfigurationList;
			buildConfigurations = (
				16E27B3B27E024060026FE41 /* Debug */,
				16E27B3C27E024060026FE41 /* Release */,
			);
			defaultConfigurationIsVisible = 0;
			defaultConfigurationName = Release;
		};
		16E27B3D27E024060026FE41 /* Build configuration list for PBXNativeTarget "basicAnimation" */ = {
			isa = XCConfigurationList;
			buildConfigurations = (
				16E27B3E27E024060026FE41 /* Debug */,
				16E27B3F27E024060026FE41 /* Release */,
			);
			defaultConfigurationIsVisible = 0;
			defaultConfigurationName = Release;
		};
		16E27B4027E024060026FE41 /* Build configuration list for PBXNativeTarget "basicAnimationTests" */ = {
			isa = XCConfigurationList;
			buildConfigurations = (
				16E27B4127E024060026FE41 /* Debug */,
				16E27B4227E024060026FE41 /* Release */,
			);
			defaultConfigurationIsVisible = 0;
			defaultConfigurationName = Release;
		};
		16E27B4327E024060026FE41 /* Build configuration list for PBXNativeTarget "basicAnimationUITests" */ = {
			isa = XCConfigurationList;
			buildConfigurations = (
				16E27B4427E024060026FE41 /* Debug */,
				16E27B4527E024060026FE41 /* Release */,
			);
			defaultConfigurationIsVisible = 0;
			defaultConfigurationName = Release;
		};
/* End XCConfigurationList section */
	};
	rootObject = 16E27B0B27E024040026FE41 /* Project object */;
}
